
Microsoft Visual Studio Solution File, Format Version 12.00
Project("{FAE04EC0-301F-11D3-BF4B-00C04F79EFBC}") = "Items.Core", "Items.Core\Items.Core.csproj", "{222ABFC6-637A-465B-846B-F3DA43195767}"
EndProject
Project("{FAE04EC0-301F-11D3-BF4B-00C04F79EFBC}") = "Items.DAL", "Items.DAL\Items.DAL.csproj", "{6D5AB0A3-0E02-4701-8718-76F3181C15BA}"
EndProject
Project("{FAE04EC0-301F-11D3-BF4B-00C04F79EFBC}") = "Items.Models", "Items.Models\Items.Models.csproj", "{435A7411-B695-4B64-8BE5-7230F8DA55F6}"
EndProject
Global
	GlobalSection(SolutionConfigurationPlatforms) = preSolution
		Debug|Any CPU = Debug|Any CPU
		Release|Any CPU = Release|Any CPU
	EndGlobalSection
	GlobalSection(ProjectConfigurationPlatforms) = postSolution
		{222ABFC6-637A-465B-846B-F3DA43195767}.Debug|Any CPU.ActiveCfg = Debug|Any CPU
		{222ABFC6-637A-465B-846B-F3DA43195767}.Debug|Any CPU.Build.0 = Debug|Any CPU
		{222ABFC6-637A-465B-846B-F3DA43195767}.Release|Any CPU.ActiveCfg = Release|Any CPU
		{222ABFC6-637A-465B-846B-F3DA43195767}.Release|Any CPU.Build.0 = Release|Any CPU
		{6D5AB0A3-0E02-4701-8718-76F3181C15BA}.Debug|Any CPU.ActiveCfg = Debug|Any CPU
		{6D5AB0A3-0E02-4701-8718-76F3181C15BA}.Debug|Any CPU.Build.0 = Debug|Any CPU
		{6D5AB0A3-0E02-4701-8718-76F3181C15BA}.Release|Any CPU.ActiveCfg = Release|Any CPU
		{6D5AB0A3-0E02-4701-8718-76F3181C15BA}.Release|Any CPU.Build.0 = Release|Any CPU
		{435A7411-B695-4B64-8BE5-7230F8DA55F6}.Debug|Any CPU.ActiveCfg = Debug|Any CPU
		{435A7411-B695-4B64-8BE5-7230F8DA55F6}.Debug|Any CPU.Build.0 = Debug|Any CPU
		{435A7411-B695-4B64-8BE5-7230F8DA55F6}.Release|Any CPU.ActiveCfg = Release|Any CPU
		{435A7411-B695-4B64-8BE5-7230F8DA55F6}.Release|Any CPU.Build.0 = Release|Any CPU
	EndGlobalSection
EndGlobal
